
Microsoft Visual Studio Solution File, Format Version 12.00
Project("{FAE04EC0-301F-11D3-BF4B-00C04F79EFBC}") = "OpenRouterClient.Library", "OpenRouterClient.Library\OpenRouterClient.Library.csproj", "{EAD1EB19-EAA6-4C06-BAF7-D1C8DC943088}"
EndProject
Project("{FAE04EC0-301F-11D3-BF4B-00C04F79EFBC}") = "OpenRouterClient.Playground", "OpenRouterClient.Playground\OpenRouterClient.Playground.csproj", "{D5B8D94D-BAC0-43C7-8B26-3B76F6A40B14}"
EndProject
Project("{2150E333-8FDC-42A3-9474-1A3956D46DE8}") = "GitHub Actions", "GitHub Actions", "{5183F6F4-49CC-4B4F-948F-A083AFC14D02}"
	ProjectSection(SolutionItems) = preProject
		.github\workflows\build-and-publish.yml = .github\workflows\build-and-publish.yml
	EndProjectSection
EndProject
Global
	GlobalSection(SolutionConfigurationPlatforms) = preSolution
		Debug|Any CPU = Debug|Any CPU
		Release|Any CPU = Release|Any CPU
	EndGlobalSection
	GlobalSection(ProjectConfigurationPlatforms) = postSolution
		{EAD1EB19-EAA6-4C06-BAF7-D1C8DC943088}.Debug|Any CPU.ActiveCfg = Debug|Any CPU
		{EAD1EB19-EAA6-4C06-BAF7-D1C8DC943088}.Debug|Any CPU.Build.0 = Debug|Any CPU
		{EAD1EB19-EAA6-4C06-BAF7-D1C8DC943088}.Release|Any CPU.ActiveCfg = Release|Any CPU
		{EAD1EB19-EAA6-4C06-BAF7-D1C8DC943088}.Release|Any CPU.Build.0 = Release|Any CPU
		{D5B8D94D-BAC0-43C7-8B26-3B76F6A40B14}.Debug|Any CPU.ActiveCfg = Debug|Any CPU
		{D5B8D94D-BAC0-43C7-8B26-3B76F6A40B14}.Debug|Any CPU.Build.0 = Debug|Any CPU
		{D5B8D94D-BAC0-43C7-8B26-3B76F6A40B14}.Release|Any CPU.ActiveCfg = Release|Any CPU
		{D5B8D94D-BAC0-43C7-8B26-3B76F6A40B14}.Release|Any CPU.Build.0 = Release|Any CPU
	EndGlobalSection
EndGlobal
